Drop Database;
Create Database;

Use employees;
Create table department ();
creat table role ();
Create table employee ();


// Departments

use employees;
Insert Into department
(name)
values
('Sales'),
('Engineering'),
('Finance'),
('Legal');

//Roles

Insert Into role
(title, salary, department_id)
Values
('Salesperson', 80000, 1),
('Lead Engineer', 150000, 2)
('Software Engineer', 120000, 2)
('Account Manager', 160000, 3)
('Accountant', 125000, 3)
('Legal Team Lead', 250000, 4)
('Lawyer', 150000, 4);

//Employee names
Insert Into employee
(first_name, last_name, role_id, manager_id)

Values
('Mike', 'Chan', 1),
('Ashley', 'Rodriguez', 2, null),
('Kevin', 'Tupik', 2),
('Kunal', 'Singh', 3, null),
('Malia', 'Brown', 3),
('Sarah','Lourd', 4, null),
('Tom', 'Allen',4);